{
  "name": "@agentsdanceai/dsh-cloud",
  "version": "0.0.0-development",
  "lockfileVersion": 3,
  "requires": true,
  "packages": {
    "": {
      "name": "@agentsdanceai/dsh-cloud",
      "version": "0.0.0-development",
      "license": "SEE LICENSE IN LICENSE",
      "bin": {
        "dsh-cloud": "bin/dsh-cloud.mjs"
      },
      "engines": {
        "node": ">=22.14.0"
      }
    }
  }
}
